
Microsoft Visual Studio Solution File, Format Version 12.00
# Visual Studio 15
VisualStudioVersion = 15.0.26730.15
MinimumVisualStudioVersion = 10.0.40219.1
Project("{FAE04EC0-301F-11D3-BF4B-00C04F79EFBC}") = "LockShowWindowContents", "LockShowWindowContents\LockShowWindowContents.csproj", "{A182D1C1-0026-4723-A0A9-49A29D8C293B}"
EndProject
Global
	GlobalSection(SolutionConfigurationPlatforms) = preSolution
		Debug|Any CPU = Debug|Any CPU
		Release|Any CPU = Release|Any CPU
	EndGlobalSection
	GlobalSection(ProjectConfigurationPlatforms) = postSolution
		{A182D1C1-0026-4723-A0A9-49A29D8C293B}.Debug|Any CPU.ActiveCfg = Debug|Any CPU
		{A182D1C1-0026-4723-A0A9-49A29D8C293B}.Debug|Any CPU.Build.0 = Debug|Any CPU
		{A182D1C1-0026-4723-A0A9-49A29D8C293B}.Release|Any CPU.ActiveCfg = Release|Any CPU
		{A182D1C1-0026-4723-A0A9-49A29D8C293B}.Release|Any CPU.Build.0 = Release|Any CPU
	EndGlobalSection
	GlobalSection(SolutionProperties) = preSolution
		HideSolutionNode = FALSE
	EndGlobalSection
	GlobalSection(ExtensibilityGlobals) = postSolution
		SolutionGuid = {6DA7B62E-1E4F-45F9-8A4C-58EDB2CDF47A}
	EndGlobalSection
EndGlobal
