
Microsoft Visual Studio Solution File, Format Version 12.00
# Visual Studio Version 16
VisualStudioVersion = 16.0.30114.105
MinimumVisualStudioVersion = 10.0.40219.1
Project("{9A19103F-16F7-4668-BE54-9A1E7A4F7556}") = "LockShowWindowContents", "LockShowWindowContents\LockShowWindowContents.csproj", "{00B9A46E-D44E-4F4E-9B90-81C4DCC056EB}"
EndProject
Global
	GlobalSection(SolutionConfigurationPlatforms) = preSolution
		Debug|Any CPU = Debug|Any CPU
		Release|Any CPU = Release|Any CPU
	EndGlobalSection
	GlobalSection(ProjectConfigurationPlatforms) = postSolution
		{00B9A46E-D44E-4F4E-9B90-81C4DCC056EB}.Debug|Any CPU.ActiveCfg = Debug|Any CPU
		{00B9A46E-D44E-4F4E-9B90-81C4DCC056EB}.Debug|Any CPU.Build.0 = Debug|Any CPU
		{00B9A46E-D44E-4F4E-9B90-81C4DCC056EB}.Release|Any CPU.ActiveCfg = Release|Any CPU
		{00B9A46E-D44E-4F4E-9B90-81C4DCC056EB}.Release|Any CPU.Build.0 = Release|Any CPU
	EndGlobalSection
	GlobalSection(SolutionProperties) = preSolution
		HideSolutionNode = FALSE
	EndGlobalSection
	GlobalSection(ExtensibilityGlobals) = postSolution
		SolutionGuid = {6DA7B62E-1E4F-45F9-8A4C-58EDB2CDF47A}
	EndGlobalSection
EndGlobal
